// !$*UTF8*$!
{
	archiveVersion = 1;
	classes = {
	};
	objectVersion = 46;
	objects = {

/* Begin PBXBuildFile section */
		F90E5D731DAAE26700064708 /* TemporaryAuthenticationManager.swift in Sources */ = {isa = PBXBuildFile; fileRef = F90E5D721DAAE26700064708 /* TemporaryAuthenticationManager.swift */; };
		F92FF9481DB4417500C67430 /* FacebookAuthorizationManager.swift in Sources */ = {isa = PBXBuildFile; fileRef = F92FF9471DB4417500C67430 /* FacebookAuthorizationManager.swift */; };
		F92FF95B1DB450BD00C67430 /* Bolts.framework in Frameworks */ = {isa = PBXBuildFile; fileRef = F92FF9551DB450BD00C67430 /* Bolts.framework */; };
		F92FF95C1DB450BD00C67430 /* FBSDKCoreKit.framework in Frameworks */ = {isa = PBXBuildFile; fileRef = F92FF9561DB450BD00C67430 /* FBSDKCoreKit.framework */; };
		F92FF95D1DB450BD00C67430 /* FBSDKLoginKit.framework in Frameworks */ = {isa = PBXBuildFile; fileRef = F92FF9571DB450BD00C67430 /* FBSDKLoginKit.framework */; };
		F92FF96C1DB45F3700C67430 /* .gitignore in Resources */ = {isa = PBXBuildFile; fileRef = F92FF96B1DB45F3700C67430 /* .gitignore */; };
		F95D54BF1DA88D8100028D06 /* StarterKitInterface.swift in Sources */ = {isa = PBXBuildFile; fileRef = F95D54BE1DA88D8100028D06 /* StarterKitInterface.swift */; };
		F996D44F1DAA908900DAC469 /* LoginViewController.swift in Sources */ = {isa = PBXBuildFile; fileRef = F996D44E1DAA908900DAC469 /* LoginViewController.swift */; };
		F996D4511DAA918300DAC469 /* Login.storyboard in Resources */ = {isa = PBXBuildFile; fileRef = F996D4501DAA918300DAC469 /* Login.storyboard */; };
		F996D4541DAA958400DAC469 /* NSBundle+Extension.swift in Sources */ = {isa = PBXBuildFile; fileRef = F996D4531DAA958400DAC469 /* NSBundle+Extension.swift */; };
		F996D4A41DAAC4BA00DAC469 /* LoginButton.swift in Sources */ = {isa = PBXBuildFile; fileRef = F996D4A31DAAC4BA00DAC469 /* LoginButton.swift */; };
		F996D4A61DAACA0D00DAC469 /* KeyboardListeningView.swift in Sources */ = {isa = PBXBuildFile; fileRef = F996D4A51DAACA0D00DAC469 /* KeyboardListeningView.swift */; };
/* End PBXBuildFile section */

/* Begin PBXFileReference section */
		F90E5D721DAAE26700064708 /* TemporaryAuthenticationManager.swift */ = {isa = PBXFileReference; fileEncoding = 4; lastKnownFileType = sourcecode.swift; path = TemporaryAuthenticationManager.swift; sourceTree = "<group>"; };
		F92FF9471DB4417500C67430 /* FacebookAuthorizationManager.swift */ = {isa = PBXFileReference; fileEncoding = 4; lastKnownFileType = sourcecode.swift; path = FacebookAuthorizationManager.swift; sourceTree = "<group>"; };
		F92FF9511DB450BD00C67430 /* AWSCognito.framework */ = {isa = PBXFileReference; lastKnownFileType = wrapper.framework; path = AWSCognito.framework; sourceTree = "<group>"; };
		F92FF9521DB450BD00C67430 /* AWSCognitoIdentityProvider.framework */ = {isa = PBXFileReference; lastKnownFileType = wrapper.framework; path = AWSCognitoIdentityProvider.framework; sourceTree = "<group>"; };
		F92FF9531DB450BD00C67430 /* AWSCore.framework */ = {isa = PBXFileReference; lastKnownFileType = wrapper.framework; path = AWSCore.framework; sourceTree = "<group>"; };
		F92FF9551DB450BD00C67430 /* Bolts.framework */ = {isa = PBXFileReference; lastKnownFileType = wrapper.framework; path = Bolts.framework; sourceTree = "<group>"; };
		F92FF9561DB450BD00C67430 /* FBSDKCoreKit.framework */ = {isa = PBXFileReference; lastKnownFileType = wrapper.framework; path = FBSDKCoreKit.framework; sourceTree = "<group>"; };
		F92FF9571DB450BD00C67430 /* FBSDKLoginKit.framework */ = {isa = PBXFileReference; lastKnownFileType = wrapper.framework; path = FBSDKLoginKit.framework; sourceTree = "<group>"; };
		F92FF96B1DB45F3700C67430 /* .gitignore */ = {isa = PBXFileReference; fileEncoding = 4; lastKnownFileType = text; path = .gitignore; sourceTree = SOURCE_ROOT; };
		F95D54B31DA88D0600028D06 /* StarterKit.framework */ = {isa = PBXFileReference; explicitFileType = wrapper.framework; includeInIndex = 0; path = StarterKit.framework; sourceTree = BUILT_PRODUCTS_DIR; };
		F95D54B81DA88D0600028D06 /* Info.plist */ = {isa = PBXFileReference; lastKnownFileType = text.plist.xml; path = Info.plist; sourceTree = "<group>"; };
		F95D54BE1DA88D8100028D06 /* StarterKitInterface.swift */ = {isa = PBXFileReference; fileEncoding = 4; lastKnownFileType = sourcecode.swift; path = StarterKitInterface.swift; sourceTree = "<group>"; };
		F996D44E1DAA908900DAC469 /* LoginViewController.swift */ = {isa = PBXFileReference; fileEncoding = 4; lastKnownFileType = sourcecode.swift; path = LoginViewController.swift; sourceTree = "<group>"; };
		F996D4501DAA918300DAC469 /* Login.storyboard */ = {isa = PBXFileReference; fileEncoding = 4; lastKnownFileType = file.storyboard; path = Login.storyboard; sourceTree = "<group>"; };
		F996D4531DAA958400DAC469 /* NSBundle+Extension.swift */ = {isa = PBXFileReference; fileEncoding = 4; lastKnownFileType = sourcecode.swift; path = "NSBundle+Extension.swift"; sourceTree = "<group>"; };
		F996D4A31DAAC4BA00DAC469 /* LoginButton.swift */ = {isa = PBXFileReference; fileEncoding = 4; lastKnownFileType = sourcecode.swift; path = LoginButton.swift; sourceTree = "<group>"; };
		F996D4A51DAACA0D00DAC469 /* KeyboardListeningView.swift */ = {isa = PBXFileReference; fileEncoding = 4; lastKnownFileType = sourcecode.swift; path = KeyboardListeningView.swift; sourceTree = "<group>"; };
/* End PBXFileReference section */

/* Begin PBXFrameworksBuildPhase section */
		F95D54AF1DA88D0600028D06 /* Frameworks */ = {
			isa = PBXFrameworksBuildPhase;
			buildActionMask = 2147483647;
			files = (
				F92FF95C1DB450BD00C67430 /* FBSDKCoreKit.framework in Frameworks */,
				F92FF95D1DB450BD00C67430 /* FBSDKLoginKit.framework in Frameworks */,
				F92FF95B1DB450BD00C67430 /* Bolts.framework in Frameworks */,
			);
			runOnlyForDeploymentPostprocessing = 0;
		};
/* End PBXFrameworksBuildPhase section */

/* Begin PBXGroup section */
		F92FF7351DB430A700C67430 /* 3rd Party */ = {
			isa = PBXGroup;
			children = (
				F92FF9501DB450BD00C67430 /* AWS */,
				F92FF9541DB450BD00C67430 /* Facebook */,
			);
			name = "3rd Party";
			path = StarterKit;
			sourceTree = "<group>";
		};
		F92FF9501DB450BD00C67430 /* AWS */ = {
			isa = PBXGroup;
			children = (
				F92FF9511DB450BD00C67430 /* AWSCognito.framework */,
				F92FF9521DB450BD00C67430 /* AWSCognitoIdentityProvider.framework */,
				F92FF9531DB450BD00C67430 /* AWSCore.framework */,
			);
			name = AWS;
			path = Frameworks/AWS;
			sourceTree = SOURCE_ROOT;
		};
		F92FF9541DB450BD00C67430 /* Facebook */ = {
			isa = PBXGroup;
			children = (
				F92FF9551DB450BD00C67430 /* Bolts.framework */,
				F92FF9561DB450BD00C67430 /* FBSDKCoreKit.framework */,
				F92FF9571DB450BD00C67430 /* FBSDKLoginKit.framework */,
			);
			name = Facebook;
			path = Frameworks/Facebook;
			sourceTree = SOURCE_ROOT;
		};
		F95D54A91DA88D0600028D06 = {
			isa = PBXGroup;
			children = (
				F95D54B51DA88D0600028D06 /* StarterKit */,
				F92FF7351DB430A700C67430 /* 3rd Party */,
				F95D54B41DA88D0600028D06 /* Products */,
			);
			sourceTree = "<group>";
		};
		F95D54B41DA88D0600028D06 /* Products */ = {
			isa = PBXGroup;
			children = (
				F95D54B31DA88D0600028D06 /* StarterKit.framework */,
			);
			name = Products;
			sourceTree = "<group>";
		};
		F95D54B51DA88D0600028D06 /* StarterKit */ = {
			isa = PBXGroup;
			children = (
				F92FF96B1DB45F3700C67430 /* .gitignore */,
				F95D54B81DA88D0600028D06 /* Info.plist */,
				F95D54BE1DA88D8100028D06 /* StarterKitInterface.swift */,
				F90E5D721DAAE26700064708 /* TemporaryAuthenticationManager.swift */,
				F9E5E9FD1DB1AC0700D07FAF /* Login */,
				F9E5E9FE1DB1AC2200D07FAF /* Utilities */,
			);
			path = StarterKit;
			sourceTree = "<group>";
		};
		F996D4521DAA956F00DAC469 /* Extensions */ = {
			isa = PBXGroup;
			children = (
				F996D4531DAA958400DAC469 /* NSBundle+Extension.swift */,
			);
			name = Extensions;
			sourceTree = "<group>";
		};
		F9E5E9FD1DB1AC0700D07FAF /* Login */ = {
			isa = PBXGroup;
			children = (
				F996D44E1DAA908900DAC469 /* LoginViewController.swift */,
				F996D4501DAA918300DAC469 /* Login.storyboard */,
				F996D4A31DAAC4BA00DAC469 /* LoginButton.swift */,
				F92FF9471DB4417500C67430 /* FacebookAuthorizationManager.swift */,
			);
			name = Login;
			sourceTree = "<group>";
		};
		F9E5E9FE1DB1AC2200D07FAF /* Utilities */ = {
			isa = PBXGroup;
			children = (
				F996D4A51DAACA0D00DAC469 /* KeyboardListeningView.swift */,
				F996D4521DAA956F00DAC469 /* Extensions */,
			);
			name = Utilities;
			sourceTree = "<group>";
		};
/* End PBXGroup section */

/* Begin PBXHeadersBuildPhase section */
		F95D54B01DA88D0600028D06 /* Headers */ = {
			isa = PBXHeadersBuildPhase;
			buildActionMask = 2147483647;
			files = (
			);
			runOnlyForDeploymentPostprocessing = 0;
		};
/* End PBXHeadersBuildPhase section */

/* Begin PBXNativeTarget section */
		F95D54B21DA88D0600028D06 /* StarterKit */ = {
			isa = PBXNativeTarget;
			buildConfigurationList = F95D54BB1DA88D0600028D06 /* Build configuration list for PBXNativeTarget "StarterKit" */;
			buildPhases = (
				F95D54AE1DA88D0600028D06 /* Sources */,
				F95D54AF1DA88D0600028D06 /* Frameworks */,
				F95D54B01DA88D0600028D06 /* Headers */,
				F95D54B11DA88D0600028D06 /* Resources */,
			);
			buildRules = (
			);
			dependencies = (
			);
			name = StarterKit;
			productName = StarterKit;
			productReference = F95D54B31DA88D0600028D06 /* StarterKit.framework */;
			productType = "com.apple.product-type.framework";
		};
/* End PBXNativeTarget section */

/* Begin PBXProject section */
		F95D54AA1DA88D0600028D06 /* Project object */ = {
			isa = PBXProject;
			attributes = {
				LastUpgradeCheck = 0730;
				ORGANIZATIONNAME = competidev;
				TargetAttributes = {
					F95D54B21DA88D0600028D06 = {
						CreatedOnToolsVersion = 7.3.1;
					};
				};
			};
			buildConfigurationList = F95D54AD1DA88D0600028D06 /* Build configuration list for PBXProject "StarterKit" */;
			compatibilityVersion = "Xcode 3.2";
			developmentRegion = English;
			hasScannedForEncodings = 0;
			knownRegions = (
				en,
				Base,
			);
			mainGroup = F95D54A91DA88D0600028D06;
			productRefGroup = F95D54B41DA88D0600028D06 /* Products */;
			projectDirPath = "";
			projectRoot = "";
			targets = (
				F95D54B21DA88D0600028D06 /* StarterKit */,
			);
		};
/* End PBXProject section */

/* Begin PBXResourcesBuildPhase section */
		F95D54B11DA88D0600028D06 /* Resources */ = {
			isa = PBXResourcesBuildPhase;
			buildActionMask = 2147483647;
			files = (
				F92FF96C1DB45F3700C67430 /* .gitignore in Resources */,
				F996D4511DAA918300DAC469 /* Login.storyboard in Resources */,
			);
			runOnlyForDeploymentPostprocessing = 0;
		};
/* End PBXResourcesBuildPhase section */

/* Begin PBXSourcesBuildPhase section */
		F95D54AE1DA88D0600028D06 /* Sources */ = {
			isa = PBXSourcesBuildPhase;
			buildActionMask = 2147483647;
			files = (
				F90E5D731DAAE26700064708 /* TemporaryAuthenticationManager.swift in Sources */,
				F996D44F1DAA908900DAC469 /* LoginViewController.swift in Sources */,
				F996D4A41DAAC4BA00DAC469 /* LoginButton.swift in Sources */,
				F996D4A61DAACA0D00DAC469 /* KeyboardListeningView.swift in Sources */,
				F996D4541DAA958400DAC469 /* NSBundle+Extension.swift in Sources */,
				F95D54BF1DA88D8100028D06 /* StarterKitInterface.swift in Sources */,
				F92FF9481DB4417500C67430 /* FacebookAuthorizationManager.swift in Sources */,
			);
			runOnlyForDeploymentPostprocessing = 0;
		};
/* End PBXSourcesBuildPhase section */

/* Begin XCBuildConfiguration section */
		F95D54B91DA88D0600028D06 /* Debug */ = {
			isa = XCBuildConfiguration;
			buildSettings = {
				ALWAYS_SEARCH_USER_PATHS = NO;
				CLANG_ANALYZER_NONNULL = YES;
				CLANG_CXX_LANGUAGE_STANDARD = "gnu++0x";
				CLANG_CXX_LIBRARY = "libc++";
				CLANG_ENABLE_MODULES = YES;
				CLANG_ENABLE_OBJC_ARC = YES;
				CLANG_WARN_BOOL_CONVERSION = YES;
				CLANG_WARN_CONSTANT_CONVERSION = YES;
				CLANG_WARN_DIRECT_OBJC_ISA_USAGE = YES_ERROR;
				CLANG_WARN_EMPTY_BODY = YES;
				CLANG_WARN_ENUM_CONVERSION = YES;
				CLANG_WARN_INT_CONVERSION = YES;
				CLANG_WARN_OBJC_ROOT_CLASS = YES_ERROR;
				CLANG_WARN_UNREACHABLE_CODE = YES;
				CLANG_WARN__DUPLICATE_METHOD_MATCH = YES;
				"CODE_SIGN_IDENTITY[sdk=iphoneos*]" = "iPhone Developer";
				COPY_PHASE_STRIP = NO;
				CURRENT_PROJECT_VERSION = 1;
				DEBUG_INFORMATION_FORMAT = dwarf;
				ENABLE_STRICT_OBJC_MSGSEND = YES;
				ENABLE_TESTABILITY = YES;
				GCC_C_LANGUAGE_STANDARD = gnu99;
				GCC_DYNAMIC_NO_PIC = NO;
				GCC_NO_COMMON_BLOCKS = YES;
				GCC_OPTIMIZATION_LEVEL = 0;
				GCC_PREPROCESSOR_DEFINITIONS = (
					"DEBUG=1",
					"$(inherited)",
				);
				GCC_WARN_64_TO_32_BIT_CONVERSION = YES;
				GCC_WARN_ABOUT_RETURN_TYPE = YES_ERROR;
				GCC_WARN_UNDECLARED_SELECTOR = YES;
				GCC_WARN_UNINITIALIZED_AUTOS = YES_AGGRESSIVE;
				GCC_WARN_UNUSED_FUNCTION = YES;
				GCC_WARN_UNUSED_VARIABLE = YES;
				IPHONEOS_DEPLOYMENT_TARGET = 9.3;
				MTL_ENABLE_DEBUG_INFO = YES;
				ONLY_ACTIVE_ARCH = YES;
				SDKROOT = iphoneos;
				SWIFT_OPTIMIZATION_LEVEL = "-Onone";
				TARGETED_DEVICE_FAMILY = "1,2";
				VERSIONING_SYSTEM = "apple-generic";
				VERSION_INFO_PREFIX = "";
			};
			name = Debug;
		};
		F95D54BA1DA88D0600028D06 /* Release */ = {
			isa = XCBuildConfiguration;
			buildSettings = {
				ALWAYS_SEARCH_USER_PATHS = NO;
				CLANG_ANALYZER_NONNULL = YES;
				CLANG_CXX_LANGUAGE_STANDARD = "gnu++0x";
				CLANG_CXX_LIBRARY = "libc++";
				CLANG_ENABLE_MODULES = YES;
				CLANG_ENABLE_OBJC_ARC = YES;
				CLANG_WARN_BOOL_CONVERSION = YES;
				CLANG_WARN_CONSTANT_CONVERSION = YES;
				CLANG_WARN_DIRECT_OBJC_ISA_USAGE = YES_ERROR;
				CLANG_WARN_EMPTY_BODY = YES;
				CLANG_WARN_ENUM_CONVERSION = YES;
				CLANG_WARN_INT_CONVERSION = YES;
				CLANG_WARN_OBJC_ROOT_CLASS = YES_ERROR;
				CLANG_WARN_UNREACHABLE_CODE = YES;
				CLANG_WARN__DUPLICATE_METHOD_MATCH = YES;
				"CODE_SIGN_IDENTITY[sdk=iphoneos*]" = "iPhone Developer";
				COPY_PHASE_STRIP = NO;
				CURRENT_PROJECT_VERSION = 1;
				DEBUG_INFORMATION_FORMAT = "dwarf-with-dsym";
				ENABLE_NS_ASSERTIONS = NO;
				ENABLE_STRICT_OBJC_MSGSEND = YES;
				GCC_C_LANGUAGE_STANDARD = gnu99;
				GCC_NO_COMMON_BLOCKS = YES;
				GCC_WARN_64_TO_32_BIT_CONVERSION = YES;
				GCC_WARN_ABOUT_RETURN_TYPE = YES_ERROR;
				GCC_WARN_UNDECLARED_SELECTOR = YES;
				GCC_WARN_UNINITIALIZED_AUTOS = YES_AGGRESSIVE;
				GCC_WARN_UNUSED_FUNCTION = YES;
				GCC_WARN_UNUSED_VARIABLE = YES;
				IPHONEOS_DEPLOYMENT_TARGET = 9.3;
				MTL_ENABLE_DEBUG_INFO = NO;
				SDKROOT = iphoneos;
				TARGETED_DEVICE_FAMILY = "1,2";
				VALIDATE_PRODUCT = YES;
				VERSIONING_SYSTEM = "apple-generic";
				VERSION_INFO_PREFIX = "";
			};
			name = Release;
		};
		F95D54BC1DA88D0600028D06 /* Debug */ = {
			isa = XCBuildConfiguration;
			buildSettings = {
				CLANG_ENABLE_MODULES = YES;
				DEFINES_MODULE = YES;
				DYLIB_COMPATIBILITY_VERSION = 1;
				DYLIB_CURRENT_VERSION = 1;
				DYLIB_INSTALL_NAME_BASE = "@rpath";
				ENABLE_BITCODE = YES;
				FRAMEWORK_SEARCH_PATHS = "$(PROJECT_DIR)/Frameworks/**";
				INFOPLIST_FILE = StarterKit/Info.plist;
				INSTALL_PATH = "$(LOCAL_LIBRARY_DIR)/Frameworks";
				IPHONEOS_DEPLOYMENT_TARGET = 9.0;
				LD_RUNPATH_SEARCH_PATHS = "$(inherited) @executable_path/Frameworks @loader_path/Frameworks";
				PRODUCT_BUNDLE_IDENTIFIER = competidev.StarterKit;
				PRODUCT_NAME = "$(TARGET_NAME)";
				SKIP_INSTALL = YES;
				SWIFT_OPTIMIZATION_LEVEL = "-Onone";
			};
			name = Debug;
		};
		F95D54BD1DA88D0600028D06 /* Release */ = {
			isa = XCBuildConfiguration;
			buildSettings = {
				CLANG_ENABLE_MODULES = YES;
				DEFINES_MODULE = YES;
				DYLIB_COMPATIBILITY_VERSION = 1;
				DYLIB_CURRENT_VERSION = 1;
				DYLIB_INSTALL_NAME_BASE = "@rpath";
				ENABLE_BITCODE = YES;
				FRAMEWORK_SEARCH_PATHS = "$(PROJECT_DIR)/Frameworks/**";
				GCC_OPTIMIZATION_LEVEL = s;
				INFOPLIST_FILE = StarterKit/Info.plist;
				INSTALL_PATH = "$(LOCAL_LIBRARY_DIR)/Frameworks";
				IPHONEOS_DEPLOYMENT_TARGET = 9.0;
				LD_RUNPATH_SEARCH_PATHS = "$(inherited) @executable_path/Frameworks @loader_path/Frameworks";
				PRODUCT_BUNDLE_IDENTIFIER = competidev.StarterKit;
				PRODUCT_NAME = "$(TARGET_NAME)";
				SKIP_INSTALL = YES;
				SWIFT_OPTIMIZATION_LEVEL = "-O";
			};
			name = Release;
		};
/* End XCBuildConfiguration section */

/* Begin XCConfigurationList section */
		F95D54AD1DA88D0600028D06 /* Build configuration list for PBXProject "StarterKit" */ = {
			isa = XCConfigurationList;
			buildConfigurations = (
				F95D54B91DA88D0600028D06 /* Debug */,
				F95D54BA1DA88D0600028D06 /* Release */,
			);
			defaultConfigurationIsVisible = 0;
			defaultConfigurationName = Release;
		};
		F95D54BB1DA88D0600028D06 /* Build configuration list for PBXNativeTarget "StarterKit" */ = {
			isa = XCConfigurationList;
			buildConfigurations = (
				F95D54BC1DA88D0600028D06 /* Debug */,
				F95D54BD1DA88D0600028D06 /* Release */,
			);
			defaultConfigurationIsVisible = 0;
			defaultConfigurationName = Release;
		};
/* End XCConfigurationList section */
	};
	rootObject = F95D54AA1DA88D0600028D06 /* Project object */;
}
